{
  "name": "@iamkaf/kimg",
  "version": "0.5.0",
  "lockfileVersion": 3,
  "requires": true,
  "packages": {
    "": {
      "name": "@iamkaf/kimg",
      "version": "0.5.0",
      "license": "MIT",
      "devDependencies": {
        "@typescript/native-preview": "^7.0.0-dev.20260302.1",
        "oxfmt": "^0.36.0",
        "vitest": "^3.2.4"
      }
    },
    "node_modules/@esbuild/linux-x64": {
      "version": "0.27.3",
      "cpu": [
        "x64"
      ],
      "dev": true,
      "license": "MIT",
      "optional": true,
      "os": [
        "linux"
      ],
      "engines": {
        "node": ">=18"
      }
    },
    "node_modules/@jridgewell/sourcemap-codec": {
      "version": "1.5.5",
      "dev": true,
      "license": "MIT"
    },
    "node_modules/@oxfmt/binding-android-arm-eabi": {
      "version": "0.36.0",
      "resolved": "https://registry.npmjs.org/@oxfmt/binding-android-arm-eabi/-/binding-android-arm-eabi-0.36.0.tgz",
      "integrity": "sha512-Z4yVHJWx/swHHjtr0dXrBZb6LxS+qNz1qdza222mWwPTUK4L790+5i3LTgjx3KYGBzcYpjaiZBw4vOx94dH7MQ==",
      "cpu": [
        "arm"
      ],
      "dev": true,
      "license": "MIT",
      "optional": true,
      "os": [
        "android"
      ],
      "engines": {
        "node": "^20.19.0 || >=22.12.0"
      }
    },
    "node_modules/@oxfmt/binding-android-arm64": {
      "version": "0.36.0",
      "resolved": "https://registry.npmjs.org/@oxfmt/binding-android-arm64/-/binding-android-arm64-0.36.0.tgz",
      "integrity": "sha512-3ElCJRFNPQl7jexf2CAa9XmAm8eC5JPrIDSjc9jSchkVSFTEqyL0NtZinBB2h1a4i4JgP1oGl/5G5n8YR4FN8Q==",
      "cpu": [
        "arm64"
      ],
      "dev": true,
      "license": "MIT",
      "optional": true,
      "os": [
        "android"
      ],
      "engines": {
        "node": "^20.19.0 || >=22.12.0"
      }
    },
    "node_modules/@oxfmt/binding-darwin-arm64": {
      "version": "0.36.0",
      "resolved": "https://registry.npmjs.org/@oxfmt/binding-darwin-arm64/-/binding-darwin-arm64-0.36.0.tgz",
      "integrity": "sha512-nak4znWCqIExKhYSY/mz/lWsqWIpdsS7o0+SRzXR1Q0m7GrMcG1UrF1pS7TLGZhhkf7nTfEF7q6oZzJiodRDuw==",
      "cpu": [
        "arm64"
      ],
      "dev": true,
      "license": "MIT",
      "optional": true,
      "os": [
        "darwin"
      ],
      "engines": {
        "node": "^20.19.0 || >=22.12.0"
      }
    },
    "node_modules/@oxfmt/binding-darwin-x64": {
      "version": "0.36.0",
      "resolved": "https://registry.npmjs.org/@oxfmt/binding-darwin-x64/-/binding-darwin-x64-0.36.0.tgz",
      "integrity": "sha512-V4GP96thDnpKx6ADnMDnhIXNdtV+Ql9D4HUU+a37VTeVbs5qQSF/s6hhUP1b3xUqU7iRcwh72jUU2Y12rtGHAw==",
      "cpu": [
        "x64"
      ],
      "dev": true,
      "license": "MIT",
      "optional": true,
      "os": [
        "darwin"
      ],
      "engines": {
        "node": "^20.19.0 || >=22.12.0"
      }
    },
    "node_modules/@oxfmt/binding-freebsd-x64": {
      "version": "0.36.0",
      "resolved": "https://registry.npmjs.org/@oxfmt/binding-freebsd-x64/-/binding-freebsd-x64-0.36.0.tgz",
      "integrity": "sha512-/xapWCADfI5wrhxpEUjhI9fnw7MV5BUZizVa8e24n3VSK6A3Y1TB/ClOP1tfxNspykFKXp4NBWl6NtDJP3osqQ==",
      "cpu": [
        "x64"
      ],
      "dev": true,
      "license": "MIT",
      "optional": true,
      "os": [
        "freebsd"
      ],
      "engines": {
        "node": "^20.19.0 || >=22.12.0"
      }
    },
    "node_modules/@oxfmt/binding-linux-arm-gnueabihf": {
      "version": "0.36.0",
      "resolved": "https://registry.npmjs.org/@oxfmt/binding-linux-arm-gnueabihf/-/binding-linux-arm-gnueabihf-0.36.0.tgz",
      "integrity": "sha512-1lOmv61XMFIH5uNm27620kRRzWt/RK6tdn250BRDoG9W7OXGOQ5UyI1HVT+SFkoOoKztBiinWgi68+NA1MjBVQ==",
      "cpu": [
        "arm"
      ],
      "dev": true,
      "license": "MIT",
      "optional": true,
      "os": [
        "linux"
      ],
      "engines": {
        "node": "^20.19.0 || >=22.12.0"
      }
    },
    "node_modules/@oxfmt/binding-linux-arm-musleabihf": {
      "version": "0.36.0",
      "resolved": "https://registry.npmjs.org/@oxfmt/binding-linux-arm-musleabihf/-/binding-linux-arm-musleabihf-0.36.0.tgz",
      "integrity": "sha512-vMH23AskdR1ujUS9sPck2Df9rBVoZUnCVY86jisILzIQ/QQ/yKUTi7tgnIvydPx7TyB/48wsQ5QMr5Knq5p/aw==",
      "cpu": [
        "arm"
      ],
      "dev": true,
      "license": "MIT",
      "optional": true,
      "os": [
        "linux"
      ],
      "engines": {
        "node": "^20.19.0 || >=22.12.0"
      }
    },
    "node_modules/@oxfmt/binding-linux-arm64-gnu": {
      "version": "0.36.0",
      "resolved": "https://registry.npmjs.org/@oxfmt/binding-linux-arm64-gnu/-/binding-linux-arm64-gnu-0.36.0.tgz",
      "integrity": "sha512-Hy1V+zOBHpBiENRx77qrUTt5aPDHeCASRc8K5KwwAHkX2AKP0nV89eL17hsZrE9GmnXFjsNmd80lyf7aRTXsbw==",
      "cpu": [
        "arm64"
      ],
      "dev": true,
      "license": "MIT",
      "optional": true,
      "os": [
        "linux"
      ],
      "engines": {
        "node": "^20.19.0 || >=22.12.0"
      }
    },
    "node_modules/@oxfmt/binding-linux-arm64-musl": {
      "version": "0.36.0",
      "resolved": "https://registry.npmjs.org/@oxfmt/binding-linux-arm64-musl/-/binding-linux-arm64-musl-0.36.0.tgz",
      "integrity": "sha512-SPGLJkOIHSIC6ABUQ5V8NqJpvYhMJueJv26NYqfCnwi/Mn6A61amkpJJ9Suy0Nmvs+OWESJpcebrBUbXPGZyQQ==",
      "cpu": [
        "arm64"
      ],
      "dev": true,
      "license": "MIT",
      "optional": true,
      "os": [
        "linux"
      ],
      "engines": {
        "node": "^20.19.0 || >=22.12.0"
      }
    },
    "node_modules/@oxfmt/binding-linux-ppc64-gnu": {
      "version": "0.36.0",
      "resolved": "https://registry.npmjs.org/@oxfmt/binding-linux-ppc64-gnu/-/binding-linux-ppc64-gnu-0.36.0.tgz",
      "integrity": "sha512-3EuoyB8x9x8ysYJjbEO/M9fkSk72zQKnXCvpZMDHXlnY36/1qMp55Nm0PrCwjGO/1pen5hdOVkz9WmP3nAp2IQ==",
      "cpu": [
        "ppc64"
      ],
      "dev": true,
      "license": "MIT",
      "optional": true,
      "os": [
        "linux"
      ],
      "engines": {
        "node": "^20.19.0 || >=22.12.0"
      }
    },
    "node_modules/@oxfmt/binding-linux-riscv64-gnu": {
      "version": "0.36.0",
      "resolved": "https://registry.npmjs.org/@oxfmt/binding-linux-riscv64-gnu/-/binding-linux-riscv64-gnu-0.36.0.tgz",
      "integrity": "sha512-MpY3itLwpGh8dnywtrZtaZ604T1m715SydCKy0+qTxetv+IHzuA+aO/AGzrlzUNYZZmtWtmDBrChZGibvZxbRQ==",
      "cpu": [
        "riscv64"
      ],
      "dev": true,
      "license": "MIT",
      "optional": true,
      "os": [
        "linux"
      ],
      "engines": {
        "node": "^20.19.0 || >=22.12.0"
      }
    },
    "node_modules/@oxfmt/binding-linux-riscv64-musl": {
      "version": "0.36.0",
      "resolved": "https://registry.npmjs.org/@oxfmt/binding-linux-riscv64-musl/-/binding-linux-riscv64-musl-0.36.0.tgz",
      "integrity": "sha512-mmDhe4Vtx+XwQPRPn/V25+APnkApYgZ23q+6GVsNYY98pf3aU0aI3Me96pbRs/AfJ1jIiGC+/6q71FEu8dHcHw==",
      "cpu": [
        "riscv64"
      ],
      "dev": true,
      "license": "MIT",
      "optional": true,
      "os": [
        "linux"
      ],
      "engines": {
        "node": "^20.19.0 || >=22.12.0"
      }
    },
    "node_modules/@oxfmt/binding-linux-s390x-gnu": {
      "version": "0.36.0",
      "resolved": "https://registry.npmjs.org/@oxfmt/binding-linux-s390x-gnu/-/binding-linux-s390x-gnu-0.36.0.tgz",
      "integrity": "sha512-AYXhU+DmNWLSnvVwkHM92fuYhogtVHab7UQrPNaDf1sxadugg9gWVmcgJDlIwxJdpk5CVW/TFvwUKwI432zhhA==",
      "cpu": [
        "s390x"
      ],
      "dev": true,
      "license": "MIT",
      "optional": true,
      "os": [
        "linux"
      ],
      "engines": {
        "node": "^20.19.0 || >=22.12.0"
      }
    },
    "node_modules/@oxfmt/binding-linux-x64-gnu": {
      "version": "0.36.0",
      "resolved": "https://registry.npmjs.org/@oxfmt/binding-linux-x64-gnu/-/binding-linux-x64-gnu-0.36.0.tgz",
      "integrity": "sha512-H16QhhQ3usoakMleiAAQ2mg0NsBDAdyE9agUgfC8IHHh3jZEbr0rIKwjEqwbOHK5M0EmfhJmr+aGO/MgZPsneA==",
      "cpu": [
        "x64"
      ],
      "dev": true,
      "license": "MIT",
      "optional": true,
      "os": [
        "linux"
      ],
      "engines": {
        "node": "^20.19.0 || >=22.12.0"
      }
    },
    "node_modules/@oxfmt/binding-linux-x64-musl": {
      "version": "0.36.0",
      "resolved": "https://registry.npmjs.org/@oxfmt/binding-linux-x64-musl/-/binding-linux-x64-musl-0.36.0.tgz",
      "integrity": "sha512-EFFGkixA39BcmHiCe2ECdrq02D6FCve5ka6ObbvrheXl4V+R0U/E+/uLyVx1X65LW8TA8QQHdnbdDallRekohw==",
      "cpu": [
        "x64"
      ],
      "dev": true,
      "license": "MIT",
      "optional": true,
      "os": [
        "linux"
      ],
      "engines": {
        "node": "^20.19.0 || >=22.12.0"
      }
    },
    "node_modules/@oxfmt/binding-openharmony-arm64": {
      "version": "0.36.0",
      "resolved": "https://registry.npmjs.org/@oxfmt/binding-openharmony-arm64/-/binding-openharmony-arm64-0.36.0.tgz",
      "integrity": "sha512-zr/t369wZWFOj1qf06Z5gGNjFymfUNDrxKMmr7FKiDRVI1sNsdKRCuRL4XVjtcptKQ+ao3FfxLN1vrynivmCYg==",
      "cpu": [
        "arm64"
      ],
      "dev": true,
      "license": "MIT",
      "optional": true,
      "os": [
        "openharmony"
      ],
      "engines": {
        "node": "^20.19.0 || >=22.12.0"
      }
    },
    "node_modules/@oxfmt/binding-win32-arm64-msvc": {
      "version": "0.36.0",
      "resolved": "https://registry.npmjs.org/@oxfmt/binding-win32-arm64-msvc/-/binding-win32-arm64-msvc-0.36.0.tgz",
      "integrity": "sha512-FxO7UksTv8h4olzACgrqAXNF6BP329+H322323iDrMB5V/+a1kcAw07fsOsUmqNrb9iJBsCQgH/zqcqp5903ag==",
      "cpu": [
        "arm64"
      ],
      "dev": true,
      "license": "MIT",
      "optional": true,
      "os": [
        "win32"
      ],
      "engines": {
        "node": "^20.19.0 || >=22.12.0"
      }
    },
    "node_modules/@oxfmt/binding-win32-ia32-msvc": {
      "version": "0.36.0",
      "resolved": "https://registry.npmjs.org/@oxfmt/binding-win32-ia32-msvc/-/binding-win32-ia32-msvc-0.36.0.tgz",
      "integrity": "sha512-OjoMQ89H01M0oLMfr/CPNH1zi48ZIwxAKObUl57oh7ssUBNDp/2Vjf7E1TQ8M4oj4VFQ/byxl2SmcPNaI2YNDg==",
      "cpu": [
        "ia32"
      ],
      "dev": true,
      "license": "MIT",
      "optional": true,
      "os": [
        "win32"
      ],
      "engines": {
        "node": "^20.19.0 || >=22.12.0"
      }
    },
    "node_modules/@oxfmt/binding-win32-x64-msvc": {
      "version": "0.36.0",
      "resolved": "https://registry.npmjs.org/@oxfmt/binding-win32-x64-msvc/-/binding-win32-x64-msvc-0.36.0.tgz",
      "integrity": "sha512-MoyeQ9S36ZTz/4bDhOKJgOBIDROd4dQ5AkT9iezhEaUBxAPdNX9Oq0jD8OSnCj3G4wam/XNxVWKMA52kmzmPtQ==",
      "cpu": [
        "x64"
      ],
      "dev": true,
      "license": "MIT",
      "optional": true,
      "os": [
        "win32"
      ],
      "engines": {
        "node": "^20.19.0 || >=22.12.0"
      }
    },
    "node_modules/@rollup/rollup-linux-x64-gnu": {
      "version": "4.59.0",
      "cpu": [
        "x64"
      ],
      "dev": true,
      "license": "MIT",
      "optional": true,
      "os": [
        "linux"
      ]
    },
    "node_modules/@types/chai": {
      "version": "5.2.3",
      "dev": true,
      "license": "MIT",
      "dependencies": {
        "@types/deep-eql": "*",
        "assertion-error": "^2.0.1"
      }
    },
    "node_modules/@types/deep-eql": {
      "version": "4.0.2",
      "dev": true,
      "license": "MIT"
    },
    "node_modules/@types/estree": {
      "version": "1.0.8",
      "dev": true,
      "license": "MIT"
    },
    "node_modules/@typescript/native-preview": {
      "version": "7.0.0-dev.20260302.1",
      "resolved": "https://registry.npmjs.org/@typescript/native-preview/-/native-preview-7.0.0-dev.20260302.1.tgz",
      "integrity": "sha512-KR2mM+hGSF9CcYRFLe/8jAFuRr0Ao3vJDnfGtEoSSpgfw0kCZTMv8fyBc5Vicrg/ByZSwGhZf7Q8HDc5lPYLGg==",
      "dev": true,
      "license": "Apache-2.0",
      "bin": {
        "tsgo": "bin/tsgo.js"
      },
      "optionalDependencies": {
        "@typescript/native-preview-darwin-arm64": "7.0.0-dev.20260302.1",
        "@typescript/native-preview-darwin-x64": "7.0.0-dev.20260302.1",
        "@typescript/native-preview-linux-arm": "7.0.0-dev.20260302.1",
        "@typescript/native-preview-linux-arm64": "7.0.0-dev.20260302.1",
        "@typescript/native-preview-linux-x64": "7.0.0-dev.20260302.1",
        "@typescript/native-preview-win32-arm64": "7.0.0-dev.20260302.1",
        "@typescript/native-preview-win32-x64": "7.0.0-dev.20260302.1"
      }
    },
    "node_modules/@typescript/native-preview-darwin-arm64": {
      "version": "7.0.0-dev.20260302.1",
      "resolved": "https://registry.npmjs.org/@typescript/native-preview-darwin-arm64/-/native-preview-darwin-arm64-7.0.0-dev.20260302.1.tgz",
      "integrity": "sha512-bSSHf2/3/pUa1FHdHkoD2SbACh4G8GQElQmkHksf42L30rgED+thloZPyQEvaIXE44IsfFDEvsa6reF/pob5Aw==",
      "cpu": [
        "arm64"
      ],
      "dev": true,
      "license": "Apache-2.0",
      "optional": true,
      "os": [
        "darwin"
      ]
    },
    "node_modules/@typescript/native-preview-darwin-x64": {
      "version": "7.0.0-dev.20260302.1",
      "resolved": "https://registry.npmjs.org/@typescript/native-preview-darwin-x64/-/native-preview-darwin-x64-7.0.0-dev.20260302.1.tgz",
      "integrity": "sha512-CfBxf/qEFgoe1zZ8U/DfgP2izrDEnERXj2uuX5Mi2m6NIdS6yo9fv+TiQS7UDINIOcRaN17NMUmIRrj8RLz3TA==",
      "cpu": [
        "x64"
      ],
      "dev": true,
      "license": "Apache-2.0",
      "optional": true,
      "os": [
        "darwin"
      ]
    },
    "node_modules/@typescript/native-preview-linux-arm": {
      "version": "7.0.0-dev.20260302.1",
      "resolved": "https://registry.npmjs.org/@typescript/native-preview-linux-arm/-/native-preview-linux-arm-7.0.0-dev.20260302.1.tgz",
      "integrity": "sha512-TWdwsqactujpdAuu/pepoXg7DK2TQ6Q3kYeqLlTic+0d61jece12yqk4hlmXXzQrc5D2ht9Qr3ny4BHyBvKlZw==",
      "cpu": [
        "arm"
      ],
      "dev": true,
      "license": "Apache-2.0",
      "optional": true,
      "os": [
        "linux"
      ]
    },
    "node_modules/@typescript/native-preview-linux-arm64": {
      "version": "7.0.0-dev.20260302.1",
      "resolved": "https://registry.npmjs.org/@typescript/native-preview-linux-arm64/-/native-preview-linux-arm64-7.0.0-dev.20260302.1.tgz",
      "integrity": "sha512-Ojecn2PD9Pgs3UUkxzKNwesFmKiCrRHHc6DFlE7Tpsf53tLEOkVTS8SdYOxoPvbM+ee9lQ+WDWyHsOHfbUXFuQ==",
      "cpu": [
        "arm64"
      ],
      "dev": true,
      "license": "Apache-2.0",
      "optional": true,
      "os": [
        "linux"
      ]
    },
    "node_modules/@typescript/native-preview-linux-x64": {
      "version": "7.0.0-dev.20260302.1",
      "resolved": "https://registry.npmjs.org/@typescript/native-preview-linux-x64/-/native-preview-linux-x64-7.0.0-dev.20260302.1.tgz",
      "integrity": "sha512-f+8wzy/4xcDMgAdkJy722BL0pau8O0S4+HUR2CyFJy7HbDIGbbl/Zm5ZAq2xjMGEdq83+klp+7y/JuDIb0herA==",
      "cpu": [
        "x64"
      ],
      "dev": true,
      "license": "Apache-2.0",
      "optional": true,
      "os": [
        "linux"
      ]
    },
    "node_modules/@typescript/native-preview-win32-arm64": {
      "version": "7.0.0-dev.20260302.1",
      "resolved": "https://registry.npmjs.org/@typescript/native-preview-win32-arm64/-/native-preview-win32-arm64-7.0.0-dev.20260302.1.tgz",
      "integrity": "sha512-yN+UMH41G2UgXn5ER0FzgVQPQ6YLfpSoSaWV38l+hIkgKQSv7TsF778Svgh0dd5OpFKoeQ1aPOMalugxI3FnWw==",
      "cpu": [
        "arm64"
      ],
      "dev": true,
      "license": "Apache-2.0",
      "optional": true,
      "os": [
        "win32"
      ]
    },
    "node_modules/@typescript/native-preview-win32-x64": {
      "version": "7.0.0-dev.20260302.1",
      "resolved": "https://registry.npmjs.org/@typescript/native-preview-win32-x64/-/native-preview-win32-x64-7.0.0-dev.20260302.1.tgz",
      "integrity": "sha512-Ni9nVkZRt3MofSUSilF51w1tkxlPegz3+zJLDPZZdc0IIaENTP37gfVkngio4tdsjIjsPFieJOkogej/wYT1AA==",
      "cpu": [
        "x64"
      ],
      "dev": true,
      "license": "Apache-2.0",
      "optional": true,
      "os": [
        "win32"
      ]
    },
    "node_modules/@vitest/expect": {
      "version": "3.2.4",
      "dev": true,
      "license": "MIT",
      "dependencies": {
        "@types/chai": "^5.2.2",
        "@vitest/spy": "3.2.4",
        "@vitest/utils": "3.2.4",
        "chai": "^5.2.0",
        "tinyrainbow": "^2.0.0"
      },
      "funding": {
        "url": "https://opencollective.com/vitest"
      }
    },
    "node_modules/@vitest/mocker": {
      "version": "3.2.4",
      "dev": true,
      "license": "MIT",
      "dependencies": {
        "@vitest/spy": "3.2.4",
        "estree-walker": "^3.0.3",
        "magic-string": "^0.30.17"
      },
      "funding": {
        "url": "https://opencollective.com/vitest"
      },
      "peerDependencies": {
        "msw": "^2.4.9",
        "vite": "^5.0.0 || ^6.0.0 || ^7.0.0-0"
      },
      "peerDependenciesMeta": {
        "msw": {
          "optional": true
        },
        "vite": {
          "optional": true
        }
      }
    },
    "node_modules/@vitest/pretty-format": {
      "version": "3.2.4",
      "dev": true,
      "license": "MIT",
      "dependencies": {
        "tinyrainbow": "^2.0.0"
      },
      "funding": {
        "url": "https://opencollective.com/vitest"
      }
    },
    "node_modules/@vitest/runner": {
      "version": "3.2.4",
      "dev": true,
      "license": "MIT",
      "dependencies": {
        "@vitest/utils": "3.2.4",
        "pathe": "^2.0.3",
        "strip-literal": "^3.0.0"
      },
      "funding": {
        "url": "https://opencollective.com/vitest"
      }
    },
    "node_modules/@vitest/snapshot": {
      "version": "3.2.4",
      "dev": true,
      "license": "MIT",
      "dependencies": {
        "@vitest/pretty-format": "3.2.4",
        "magic-string": "^0.30.17",
        "pathe": "^2.0.3"
      },
      "funding": {
        "url": "https://opencollective.com/vitest"
      }
    },
    "node_modules/@vitest/spy": {
      "version": "3.2.4",
      "dev": true,
      "license": "MIT",
      "dependencies": {
        "tinyspy": "^4.0.3"
      },
      "funding": {
        "url": "https://opencollective.com/vitest"
      }
    },
    "node_modules/@vitest/utils": {
      "version": "3.2.4",
      "dev": true,
      "license": "MIT",
      "dependencies": {
        "@vitest/pretty-format": "3.2.4",
        "loupe": "^3.1.4",
        "tinyrainbow": "^2.0.0"
      },
      "funding": {
        "url": "https://opencollective.com/vitest"
      }
    },
    "node_modules/assertion-error": {
      "version": "2.0.1",
      "dev": true,
      "license": "MIT",
      "engines": {
        "node": ">=12"
      }
    },
    "node_modules/cac": {
      "version": "6.7.14",
      "dev": true,
      "license": "MIT",
      "engines": {
        "node": ">=8"
      }
    },
    "node_modules/chai": {
      "version": "5.3.3",
      "dev": true,
      "license": "MIT",
      "dependencies": {
        "assertion-error": "^2.0.1",
        "check-error": "^2.1.1",
        "deep-eql": "^5.0.1",
        "loupe": "^3.1.0",
        "pathval": "^2.0.0"
      },
      "engines": {
        "node": ">=18"
      }
    },
    "node_modules/check-error": {
      "version": "2.1.3",
      "dev": true,
      "license": "MIT",
      "engines": {
        "node": ">= 16"
      }
    },
    "node_modules/debug": {
      "version": "4.4.3",
      "dev": true,
      "license": "MIT",
      "dependencies": {
        "ms": "^2.1.3"
      },
      "engines": {
        "node": ">=6.0"
      },
      "peerDependenciesMeta": {
        "supports-color": {
          "optional": true
        }
      }
    },
    "node_modules/deep-eql": {
      "version": "5.0.2",
      "dev": true,
      "license": "MIT",
      "engines": {
        "node": ">=6"
      }
    },
    "node_modules/es-module-lexer": {
      "version": "1.7.0",
      "dev": true,
      "license": "MIT"
    },
    "node_modules/esbuild": {
      "version": "0.27.3",
      "dev": true,
      "hasInstallScript": true,
      "license": "MIT",
      "bin": {
        "esbuild": "bin/esbuild"
      },
      "engines": {
        "node": ">=18"
      },
      "optionalDependencies": {
        "@esbuild/aix-ppc64": "0.27.3",
        "@esbuild/android-arm": "0.27.3",
        "@esbuild/android-arm64": "0.27.3",
        "@esbuild/android-x64": "0.27.3",
        "@esbuild/darwin-arm64": "0.27.3",
        "@esbuild/darwin-x64": "0.27.3",
        "@esbuild/freebsd-arm64": "0.27.3",
        "@esbuild/freebsd-x64": "0.27.3",
        "@esbuild/linux-arm": "0.27.3",
        "@esbuild/linux-arm64": "0.27.3",
        "@esbuild/linux-ia32": "0.27.3",
        "@esbuild/linux-loong64": "0.27.3",
        "@esbuild/linux-mips64el": "0.27.3",
        "@esbuild/linux-ppc64": "0.27.3",
        "@esbuild/linux-riscv64": "0.27.3",
        "@esbuild/linux-s390x": "0.27.3",
        "@esbuild/linux-x64": "0.27.3",
        "@esbuild/netbsd-arm64": "0.27.3",
        "@esbuild/netbsd-x64": "0.27.3",
        "@esbuild/openbsd-arm64": "0.27.3",
        "@esbuild/openbsd-x64": "0.27.3",
        "@esbuild/openharmony-arm64": "0.27.3",
        "@esbuild/sunos-x64": "0.27.3",
        "@esbuild/win32-arm64": "0.27.3",
        "@esbuild/win32-ia32": "0.27.3",
        "@esbuild/win32-x64": "0.27.3"
      }
    },
    "node_modules/estree-walker": {
      "version": "3.0.3",
      "dev": true,
      "license": "MIT",
      "dependencies": {
        "@types/estree": "^1.0.0"
      }
    },
    "node_modules/expect-type": {
      "version": "1.3.0",
      "dev": true,
      "license": "Apache-2.0",
      "engines": {
        "node": ">=12.0.0"
      }
    },
    "node_modules/fdir": {
      "version": "6.5.0",
      "dev": true,
      "license": "MIT",
      "engines": {
        "node": ">=12.0.0"
      },
      "peerDependencies": {
        "picomatch": "^3 || ^4"
      },
      "peerDependenciesMeta": {
        "picomatch": {
          "optional": true
        }
      }
    },
    "node_modules/js-tokens": {
      "version": "9.0.1",
      "dev": true,
      "license": "MIT"
    },
    "node_modules/loupe": {
      "version": "3.2.1",
      "dev": true,
      "license": "MIT"
    },
    "node_modules/magic-string": {
      "version": "0.30.21",
      "dev": true,
      "license": "MIT",
      "dependencies": {
        "@jridgewell/sourcemap-codec": "^1.5.5"
      }
    },
    "node_modules/ms": {
      "version": "2.1.3",
      "dev": true,
      "license": "MIT"
    },
    "node_modules/nanoid": {
      "version": "3.3.11",
      "dev": true,
      "funding": [
        {
          "type": "github",
          "url": "https://github.com/sponsors/ai"
        }
      ],
      "license": "MIT",
      "bin": {
        "nanoid": "bin/nanoid.cjs"
      },
      "engines": {
        "node": "^10 || ^12 || ^13.7 || ^14 || >=15.0.1"
      }
    },
    "node_modules/oxfmt": {
      "version": "0.36.0",
      "resolved": "https://registry.npmjs.org/oxfmt/-/oxfmt-0.36.0.tgz",
      "integrity": "sha512-/ejJ+KoSW6J9bcNT9a9UtJSJNWhJ3yOLSBLbkoFHJs/8CZjmaZVZAJe4YgO1KMJlKpNQasrn/G9JQUEZI3p0EQ==",
      "dev": true,
      "license": "MIT",
      "dependencies": {
        "tinypool": "2.1.0"
      },
      "bin": {
        "oxfmt": "bin/oxfmt"
      },
      "engines": {
        "node": "^20.19.0 || >=22.12.0"
      },
      "funding": {
        "url": "https://github.com/sponsors/Boshen"
      },
      "optionalDependencies": {
        "@oxfmt/binding-android-arm-eabi": "0.36.0",
        "@oxfmt/binding-android-arm64": "0.36.0",
        "@oxfmt/binding-darwin-arm64": "0.36.0",
        "@oxfmt/binding-darwin-x64": "0.36.0",
        "@oxfmt/binding-freebsd-x64": "0.36.0",
        "@oxfmt/binding-linux-arm-gnueabihf": "0.36.0",
        "@oxfmt/binding-linux-arm-musleabihf": "0.36.0",
        "@oxfmt/binding-linux-arm64-gnu": "0.36.0",
        "@oxfmt/binding-linux-arm64-musl": "0.36.0",
        "@oxfmt/binding-linux-ppc64-gnu": "0.36.0",
        "@oxfmt/binding-linux-riscv64-gnu": "0.36.0",
        "@oxfmt/binding-linux-riscv64-musl": "0.36.0",
        "@oxfmt/binding-linux-s390x-gnu": "0.36.0",
        "@oxfmt/binding-linux-x64-gnu": "0.36.0",
        "@oxfmt/binding-linux-x64-musl": "0.36.0",
        "@oxfmt/binding-openharmony-arm64": "0.36.0",
        "@oxfmt/binding-win32-arm64-msvc": "0.36.0",
        "@oxfmt/binding-win32-ia32-msvc": "0.36.0",
        "@oxfmt/binding-win32-x64-msvc": "0.36.0"
      }
    },
    "node_modules/oxfmt/node_modules/tinypool": {
      "version": "2.1.0",
      "resolved": "https://registry.npmjs.org/tinypool/-/tinypool-2.1.0.tgz",
      "integrity": "sha512-Pugqs6M0m7Lv1I7FtxN4aoyToKg1C4tu+/381vH35y8oENM/Ai7f7C4StcoK4/+BSw9ebcS8jRiVrORFKCALLw==",
      "dev": true,
      "license": "MIT",
      "engines": {
        "node": "^20.0.0 || >=22.0.0"
      }
    },
    "node_modules/pathe": {
      "version": "2.0.3",
      "dev": true,
      "license": "MIT"
    },
    "node_modules/pathval": {
      "version": "2.0.1",
      "dev": true,
      "license": "MIT",
      "engines": {
        "node": ">= 14.16"
      }
    },
    "node_modules/picocolors": {
      "version": "1.1.1",
      "dev": true,
      "license": "ISC"
    },
    "node_modules/picomatch": {
      "version": "4.0.3",
      "dev": true,
      "license": "MIT",
      "peer": true,
      "engines": {
        "node": ">=12"
      },
      "funding": {
        "url": "https://github.com/sponsors/jonschlinkert"
      }
    },
    "node_modules/postcss": {
      "version": "8.5.6",
      "dev": true,
      "funding": [
        {
          "type": "opencollective",
          "url": "https://opencollective.com/postcss/"
        },
        {
          "type": "tidelift",
          "url": "https://tidelift.com/funding/github/npm/postcss"
        },
        {
          "type": "github",
          "url": "https://github.com/sponsors/ai"
        }
      ],
      "license": "MIT",
      "dependencies": {
        "nanoid": "^3.3.11",
        "picocolors": "^1.1.1",
        "source-map-js": "^1.2.1"
      },
      "engines": {
        "node": "^10 || ^12 || >=14"
      }
    },
    "node_modules/rollup": {
      "version": "4.59.0",
      "dev": true,
      "license": "MIT",
      "dependencies": {
        "@types/estree": "1.0.8"
      },
      "bin": {
        "rollup": "dist/bin/rollup"
      },
      "engines": {
        "node": ">=18.0.0",
        "npm": ">=8.0.0"
      },
      "optionalDependencies": {
        "@rollup/rollup-android-arm-eabi": "4.59.0",
        "@rollup/rollup-android-arm64": "4.59.0",
        "@rollup/rollup-darwin-arm64": "4.59.0",
        "@rollup/rollup-darwin-x64": "4.59.0",
        "@rollup/rollup-freebsd-arm64": "4.59.0",
        "@rollup/rollup-freebsd-x64": "4.59.0",
        "@rollup/rollup-linux-arm-gnueabihf": "4.59.0",
        "@rollup/rollup-linux-arm-musleabihf": "4.59.0",
        "@rollup/rollup-linux-arm64-gnu": "4.59.0",
        "@rollup/rollup-linux-arm64-musl": "4.59.0",
        "@rollup/rollup-linux-loong64-gnu": "4.59.0",
        "@rollup/rollup-linux-loong64-musl": "4.59.0",
        "@rollup/rollup-linux-ppc64-gnu": "4.59.0",
        "@rollup/rollup-linux-ppc64-musl": "4.59.0",
        "@rollup/rollup-linux-riscv64-gnu": "4.59.0",
        "@rollup/rollup-linux-riscv64-musl": "4.59.0",
        "@rollup/rollup-linux-s390x-gnu": "4.59.0",
        "@rollup/rollup-linux-x64-gnu": "4.59.0",
        "@rollup/rollup-linux-x64-musl": "4.59.0",
        "@rollup/rollup-openbsd-x64": "4.59.0",
        "@rollup/rollup-openharmony-arm64": "4.59.0",
        "@rollup/rollup-win32-arm64-msvc": "4.59.0",
        "@rollup/rollup-win32-ia32-msvc": "4.59.0",
        "@rollup/rollup-win32-x64-gnu": "4.59.0",
        "@rollup/rollup-win32-x64-msvc": "4.59.0",
        "fsevents": "~2.3.2"
      }
    },
    "node_modules/siginfo": {
      "version": "2.0.0",
      "dev": true,
      "license": "ISC"
    },
    "node_modules/source-map-js": {
      "version": "1.2.1",
      "dev": true,
      "license": "BSD-3-Clause",
      "engines": {
        "node": ">=0.10.0"
      }
    },
    "node_modules/stackback": {
      "version": "0.0.2",
      "dev": true,
      "license": "MIT"
    },
    "node_modules/std-env": {
      "version": "3.10.0",
      "dev": true,
      "license": "MIT"
    },
    "node_modules/strip-literal": {
      "version": "3.1.0",
      "dev": true,
      "license": "MIT",
      "dependencies": {
        "js-tokens": "^9.0.1"
      },
      "funding": {
        "url": "https://github.com/sponsors/antfu"
      }
    },
    "node_modules/tinybench": {
      "version": "2.9.0",
      "dev": true,
      "license": "MIT"
    },
    "node_modules/tinyexec": {
      "version": "0.3.2",
      "dev": true,
      "license": "MIT"
    },
    "node_modules/tinyglobby": {
      "version": "0.2.15",
      "dev": true,
      "license": "MIT",
      "dependencies": {
        "fdir": "^6.5.0",
        "picomatch": "^4.0.3"
      },
      "engines": {
        "node": ">=12.0.0"
      },
      "funding": {
        "url": "https://github.com/sponsors/SuperchupuDev"
      }
    },
    "node_modules/tinypool": {
      "version": "1.1.1",
      "dev": true,
      "license": "MIT",
      "engines": {
        "node": "^18.0.0 || >=20.0.0"
      }
    },
    "node_modules/tinyrainbow": {
      "version": "2.0.0",
      "dev": true,
      "license": "MIT",
      "engines": {
        "node": ">=14.0.0"
      }
    },
    "node_modules/tinyspy": {
      "version": "4.0.4",
      "dev": true,
      "license": "MIT",
      "engines": {
        "node": ">=14.0.0"
      }
    },
    "node_modules/vite": {
      "version": "7.3.1",
      "dev": true,
      "license": "MIT",
      "peer": true,
      "dependencies": {
        "esbuild": "^0.27.0",
        "fdir": "^6.5.0",
        "picomatch": "^4.0.3",
        "postcss": "^8.5.6",
        "rollup": "^4.43.0",
        "tinyglobby": "^0.2.15"
      },
      "bin": {
        "vite": "bin/vite.js"
      },
      "engines": {
        "node": "^20.19.0 || >=22.12.0"
      },
      "funding": {
        "url": "https://github.com/vitejs/vite?sponsor=1"
      },
      "optionalDependencies": {
        "fsevents": "~2.3.3"
      },
      "peerDependencies": {
        "@types/node": "^20.19.0 || >=22.12.0",
        "jiti": ">=1.21.0",
        "less": "^4.0.0",
        "lightningcss": "^1.21.0",
        "sass": "^1.70.0",
        "sass-embedded": "^1.70.0",
        "stylus": ">=0.54.8",
        "sugarss": "^5.0.0",
        "terser": "^5.16.0",
        "tsx": "^4.8.1",
        "yaml": "^2.4.2"
      },
      "peerDependenciesMeta": {
        "@types/node": {
          "optional": true
        },
        "jiti": {
          "optional": true
        },
        "less": {
          "optional": true
        },
        "lightningcss": {
          "optional": true
        },
        "sass": {
          "optional": true
        },
        "sass-embedded": {
          "optional": true
        },
        "stylus": {
          "optional": true
        },
        "sugarss": {
          "optional": true
        },
        "terser": {
          "optional": true
        },
        "tsx": {
          "optional": true
        },
        "yaml": {
          "optional": true
        }
      }
    },
    "node_modules/vite-node": {
      "version": "3.2.4",
      "dev": true,
      "license": "MIT",
      "dependencies": {
        "cac": "^6.7.14",
        "debug": "^4.4.1",
        "es-module-lexer": "^1.7.0",
        "pathe": "^2.0.3",
        "vite": "^5.0.0 || ^6.0.0 || ^7.0.0-0"
      },
      "bin": {
        "vite-node": "vite-node.mjs"
      },
      "engines": {
        "node": "^18.0.0 || ^20.0.0 || >=22.0.0"
      },
      "funding": {
        "url": "https://opencollective.com/vitest"
      }
    },
    "node_modules/vitest": {
      "version": "3.2.4",
      "dev": true,
      "license": "MIT",
      "dependencies": {
        "@types/chai": "^5.2.2",
        "@vitest/expect": "3.2.4",
        "@vitest/mocker": "3.2.4",
        "@vitest/pretty-format": "^3.2.4",
        "@vitest/runner": "3.2.4",
        "@vitest/snapshot": "3.2.4",
        "@vitest/spy": "3.2.4",
        "@vitest/utils": "3.2.4",
        "chai": "^5.2.0",
        "debug": "^4.4.1",
        "expect-type": "^1.2.1",
        "magic-string": "^0.30.17",
        "pathe": "^2.0.3",
        "picomatch": "^4.0.2",
        "std-env": "^3.9.0",
        "tinybench": "^2.9.0",
        "tinyexec": "^0.3.2",
        "tinyglobby": "^0.2.14",
        "tinypool": "^1.1.1",
        "tinyrainbow": "^2.0.0",
        "vite": "^5.0.0 || ^6.0.0 || ^7.0.0-0",
        "vite-node": "3.2.4",
        "why-is-node-running": "^2.3.0"
      },
      "bin": {
        "vitest": "vitest.mjs"
      },
      "engines": {
        "node": "^18.0.0 || ^20.0.0 || >=22.0.0"
      },
      "funding": {
        "url": "https://opencollective.com/vitest"
      },
      "peerDependencies": {
        "@edge-runtime/vm": "*",
        "@types/debug": "^4.1.12",
        "@types/node": "^18.0.0 || ^20.0.0 || >=22.0.0",
        "@vitest/browser": "3.2.4",
        "@vitest/ui": "3.2.4",
        "happy-dom": "*",
        "jsdom": "*"
      },
      "peerDependenciesMeta": {
        "@edge-runtime/vm": {
          "optional": true
        },
        "@types/debug": {
          "optional": true
        },
        "@types/node": {
          "optional": true
        },
        "@vitest/browser": {
          "optional": true
        },
        "@vitest/ui": {
          "optional": true
        },
        "happy-dom": {
          "optional": true
        },
        "jsdom": {
          "optional": true
        }
      }
    },
    "node_modules/why-is-node-running": {
      "version": "2.3.0",
      "dev": true,
      "license": "MIT",
      "dependencies": {
        "siginfo": "^2.0.0",
        "stackback": "0.0.2"
      },
      "bin": {
        "why-is-node-running": "cli.js"
      },
      "engines": {
        "node": ">=8"
      }
    }
  }
}
